
Microsoft Visual Studio Solution File, Format Version 12.00
# Visual Studio Version 17
VisualStudioVersion = 17.0.31903.59
MinimumVisualStudioVersion = 10.0.40219.1
Project("{2150E333-8FDC-42A3-9474-1A3956D46DE8}") = "backend", "backend", "{1AE8ACA6-933B-BF2A-3671-3E2EAC007D16}"
EndProject
Project("{2150E333-8FDC-42A3-9474-1A3956D46DE8}") = "Domain", "Domain", "{E207081A-50CB-EAEE-EA3C-82FAA7B89B45}"
EndProject
Project("{FAE04EC0-301F-11D3-BF4B-00C04F79EFBC}") = "NgalaFarms.Domain", "backend\Domain\NgalaFarms.Domain.csproj", "{F01F6C12-2372-4FCD-BEA4-0E98BFAD19A7}"
EndProject
Project("{2150E333-8FDC-42A3-9474-1A3956D46DE8}") = "Application", "Application", "{33FD244D-51BC-CAC7-0C9F-80EE60BF9967}"
EndProject
Project("{FAE04EC0-301F-11D3-BF4B-00C04F79EFBC}") = "NgalaFarms.Application", "backend\Application\NgalaFarms.Application.csproj", "{4C83957B-403C-4AC7-9446-72F1AEE79646}"
EndProject
Project("{2150E333-8FDC-42A3-9474-1A3956D46DE8}") = "Infrastructure", "Infrastructure", "{8D1106A4-B260-37DC-E636-64C7E8341F7E}"
EndProject
Project("{FAE04EC0-301F-11D3-BF4B-00C04F79EFBC}") = "NgalaFarms.Infrastructure", "backend\Infrastructure\NgalaFarms.Infrastructure.csproj", "{B84ADC73-9740-438D-A4A8-00162A599AC4}"
EndProject
Project("{2150E333-8FDC-42A3-9474-1A3956D46DE8}") = "API", "API", "{F5770A5D-1764-CA48-906B-8D098984A6C2}"
EndProject
Project("{FAE04EC0-301F-11D3-BF4B-00C04F79EFBC}") = "NgalaFarms.API", "backend\API\NgalaFarms.API.csproj", "{0B59CBC9-D848-453E-97C7-F0BABA006DBA}"
EndProject
Global
	GlobalSection(SolutionConfigurationPlatforms) = preSolution
		Debug|Any CPU = Debug|Any CPU
		Debug|x64 = Debug|x64
		Debug|x86 = Debug|x86
		Release|Any CPU = Release|Any CPU
		Release|x64 = Release|x64
		Release|x86 = Release|x86
	EndGlobalSection
	GlobalSection(ProjectConfigurationPlatforms) = postSolution
		{F01F6C12-2372-4FCD-BEA4-0E98BFAD19A7}.Debug|Any CPU.ActiveCfg = Debug|Any CPU
		{F01F6C12-2372-4FCD-BEA4-0E98BFAD19A7}.Debug|Any CPU.Build.0 = Debug|Any CPU
		{F01F6C12-2372-4FCD-BEA4-0E98BFAD19A7}.Debug|x64.ActiveCfg = Debug|Any CPU
		{F01F6C12-2372-4FCD-BEA4-0E98BFAD19A7}.Debug|x64.Build.0 = Debug|Any CPU
		{F01F6C12-2372-4FCD-BEA4-0E98BFAD19A7}.Debug|x86.ActiveCfg = Debug|Any CPU
		{F01F6C12-2372-4FCD-BEA4-0E98BFAD19A7}.Debug|x86.Build.0 = Debug|Any CPU
		{F01F6C12-2372-4FCD-BEA4-0E98BFAD19A7}.Release|Any CPU.ActiveCfg = Release|Any CPU
		{F01F6C12-2372-4FCD-BEA4-0E98BFAD19A7}.Release|Any CPU.Build.0 = Release|Any CPU
		{F01F6C12-2372-4FCD-BEA4-0E98BFAD19A7}.Release|x64.ActiveCfg = Release|Any CPU
		{F01F6C12-2372-4FCD-BEA4-0E98BFAD19A7}.Release|x64.Build.0 = Release|Any CPU
		{F01F6C12-2372-4FCD-BEA4-0E98BFAD19A7}.Release|x86.ActiveCfg = Release|Any CPU
		{F01F6C12-2372-4FCD-BEA4-0E98BFAD19A7}.Release|x86.Build.0 = Release|Any CPU
		{4C83957B-403C-4AC7-9446-72F1AEE79646}.Debug|Any CPU.ActiveCfg = Debug|Any CPU
		{4C83957B-403C-4AC7-9446-72F1AEE79646}.Debug|Any CPU.Build.0 = Debug|Any CPU
		{4C83957B-403C-4AC7-9446-72F1AEE79646}.Debug|x64.ActiveCfg = Debug|Any CPU
		{4C83957B-403C-4AC7-9446-72F1AEE79646}.Debug|x64.Build.0 = Debug|Any CPU
		{4C83957B-403C-4AC7-9446-72F1AEE79646}.Debug|x86.ActiveCfg = Debug|Any CPU
		{4C83957B-403C-4AC7-9446-72F1AEE79646}.Debug|x86.Build.0 = Debug|Any CPU
		{4C83957B-403C-4AC7-9446-72F1AEE79646}.Release|Any CPU.ActiveCfg = Release|Any CPU
		{4C83957B-403C-4AC7-9446-72F1AEE79646}.Release|Any CPU.Build.0 = Release|Any CPU
		{4C83957B-403C-4AC7-9446-72F1AEE79646}.Release|x64.ActiveCfg = Release|Any CPU
		{4C83957B-403C-4AC7-9446-72F1AEE79646}.Release|x64.Build.0 = Release|Any CPU
		{4C83957B-403C-4AC7-9446-72F1AEE79646}.Release|x86.ActiveCfg = Release|Any CPU
		{4C83957B-403C-4AC7-9446-72F1AEE79646}.Release|x86.Build.0 = Release|Any CPU
		{B84ADC73-9740-438D-A4A8-00162A599AC4}.Debug|Any CPU.ActiveCfg = Debug|Any CPU
		{B84ADC73-9740-438D-A4A8-00162A599AC4}.Debug|Any CPU.Build.0 = Debug|Any CPU
		{B84ADC73-9740-438D-A4A8-00162A599AC4}.Debug|x64.ActiveCfg = Debug|Any CPU
		{B84ADC73-9740-438D-A4A8-00162A599AC4}.Debug|x64.Build.0 = Debug|Any CPU
		{B84ADC73-9740-438D-A4A8-00162A599AC4}.Debug|x86.ActiveCfg = Debug|Any CPU
		{B84ADC73-9740-438D-A4A8-00162A599AC4}.Debug|x86.Build.0 = Debug|Any CPU
		{B84ADC73-9740-438D-A4A8-00162A599AC4}.Release|Any CPU.ActiveCfg = Release|Any CPU
		{B84ADC73-9740-438D-A4A8-00162A599AC4}.Release|Any CPU.Build.0 = Release|Any CPU
		{B84ADC73-9740-438D-A4A8-00162A599AC4}.Release|x64.ActiveCfg = Release|Any CPU
		{B84ADC73-9740-438D-A4A8-00162A599AC4}.Release|x64.Build.0 = Release|Any CPU
		{B84ADC73-9740-438D-A4A8-00162A599AC4}.Release|x86.ActiveCfg = Release|Any CPU
		{B84ADC73-9740-438D-A4A8-00162A599AC4}.Release|x86.Build.0 = Release|Any CPU
		{0B59CBC9-D848-453E-97C7-F0BABA006DBA}.Debug|Any CPU.ActiveCfg = Debug|Any CPU
		{0B59CBC9-D848-453E-97C7-F0BABA006DBA}.Debug|Any CPU.Build.0 = Debug|Any CPU
		{0B59CBC9-D848-453E-97C7-F0BABA006DBA}.Debug|x64.ActiveCfg = Debug|Any CPU
		{0B59CBC9-D848-453E-97C7-F0BABA006DBA}.Debug|x64.Build.0 = Debug|Any CPU
		{0B59CBC9-D848-453E-97C7-F0BABA006DBA}.Debug|x86.ActiveCfg = Debug|Any CPU
		{0B59CBC9-D848-453E-97C7-F0BABA006DBA}.Debug|x86.Build.0 = Debug|Any CPU
		{0B59CBC9-D848-453E-97C7-F0BABA006DBA}.Release|Any CPU.ActiveCfg = Release|Any CPU
		{0B59CBC9-D848-453E-97C7-F0BABA006DBA}.Release|Any CPU.Build.0 = Release|Any CPU
		{0B59CBC9-D848-453E-97C7-F0BABA006DBA}.Release|x64.ActiveCfg = Release|Any CPU
		{0B59CBC9-D848-453E-97C7-F0BABA006DBA}.Release|x64.Build.0 = Release|Any CPU
		{0B59CBC9-D848-453E-97C7-F0BABA006DBA}.Release|x86.ActiveCfg = Release|Any CPU
		{0B59CBC9-D848-453E-97C7-F0BABA006DBA}.Release|x86.Build.0 = Release|Any CPU
	EndGlobalSection
	GlobalSection(SolutionProperties) = preSolution
		HideSolutionNode = FALSE
	EndGlobalSection
	GlobalSection(NestedProjects) = preSolution
		{E207081A-50CB-EAEE-EA3C-82FAA7B89B45} = {1AE8ACA6-933B-BF2A-3671-3E2EAC007D16}
		{F01F6C12-2372-4FCD-BEA4-0E98BFAD19A7} = {E207081A-50CB-EAEE-EA3C-82FAA7B89B45}
		{33FD244D-51BC-CAC7-0C9F-80EE60BF9967} = {1AE8ACA6-933B-BF2A-3671-3E2EAC007D16}
		{4C83957B-403C-4AC7-9446-72F1AEE79646} = {33FD244D-51BC-CAC7-0C9F-80EE60BF9967}
		{8D1106A4-B260-37DC-E636-64C7E8341F7E} = {1AE8ACA6-933B-BF2A-3671-3E2EAC007D16}
		{B84ADC73-9740-438D-A4A8-00162A599AC4} = {8D1106A4-B260-37DC-E636-64C7E8341F7E}
		{F5770A5D-1764-CA48-906B-8D098984A6C2} = {1AE8ACA6-933B-BF2A-3671-3E2EAC007D16}
		{0B59CBC9-D848-453E-97C7-F0BABA006DBA} = {F5770A5D-1764-CA48-906B-8D098984A6C2}
	EndGlobalSection
EndGlobal
